{
  "name": "zzhh",
  "version": "1.0.0",
  "lockfileVersion": 2,
  "requires": true,
  "packages": {
    "": {
      "name": "zzhh",
      "version": "1.0.0",
      "license": "MIT",
      "bin": {
        "zzhh": "lib/index.js"
      }
    },
    "../../../../.nvm/versions/node/v16.17.1/lib/node_modules/index.js": {
      "version": "0.0.3",
      "integrity": "sha512-62dN71h/y6X96muC2hxI95oPRpOwf+0mwS7S0TsMuEy857w41qjz8XJjob7eyuesQ71nbylasZx8sIkPAc5pXA==",
      "extraneous": true,
      "devDependencies": {
        "mocha": "^1.21.4"
      }
    }
  }
}
